
Microsoft Visual Studio Solution File, Format Version 12.00
# Visual Studio Version 17
VisualStudioVersion = 17.9.34728.123
MinimumVisualStudioVersion = 10.0.40219.1
Project("{888888A0-9F3D-457C-B088-3A5042F75D52}") = "Homework_8", "Homework_8.pyproj", "{D23E9282-0450-4793-BB46-E52A3B4EC764}"
EndProject
Global
	GlobalSection(SolutionConfigurationPlatforms) = preSolution
		Debug|Any CPU = Debug|Any CPU
		Release|Any CPU = Release|Any CPU
	EndGlobalSection
	GlobalSection(ProjectConfigurationPlatforms) = postSolution
		{D23E9282-0450-4793-BB46-E52A3B4EC764}.Debug|Any CPU.ActiveCfg = Debug|Any CPU
		{D23E9282-0450-4793-BB46-E52A3B4EC764}.Release|Any CPU.ActiveCfg = Release|Any CPU
	EndGlobalSection
	GlobalSection(SolutionProperties) = preSolution
		HideSolutionNode = FALSE
	EndGlobalSection
	GlobalSection(ExtensibilityGlobals) = postSolution
		SolutionGuid = {BAF81F47-37CC-45E1-B850-6C1A9F4B297F}
	EndGlobalSection
EndGlobal
